Microsoft Visual Studio Solution File, Format Version 12.00
# Visual Studio Version 17
VisualStudioVersion = 17.5.2.0
MinimumVisualStudioVersion = 10.0.40219.1
Project("{FAE04EC0-301F-11D3-BF4B-00C04F79EFBC}") = "learningCsharp", "learningCsharp.csproj", "{17618D2A-E969-9849-4972-E36B5AED6C64}"
EndProject
Global
	GlobalSection(SolutionConfigurationPlatforms) = preSolution
		Debug|Any CPU = Debug|Any CPU
		Release|Any CPU = Release|Any CPU
	EndGlobalSection
	GlobalSection(ProjectConfigurationPlatforms) = postSolution
		{17618D2A-E969-9849-4972-E36B5AED6C64}.Debug|Any CPU.ActiveCfg = Debug|Any CPU
		{17618D2A-E969-9849-4972-E36B5AED6C64}.Debug|Any CPU.Build.0 = Debug|Any CPU
		{17618D2A-E969-9849-4972-E36B5AED6C64}.Release|Any CPU.ActiveCfg = Release|Any CPU
		{17618D2A-E969-9849-4972-E36B5AED6C64}.Release|Any CPU.Build.0 = Release|Any CPU
	EndGlobalSection
	GlobalSection(SolutionProperties) = preSolution
		HideSolutionNode = FALSE
	EndGlobalSection
	GlobalSection(ExtensibilityGlobals) = postSolution
		SolutionGuid = {6A3A966C-60DF-492B-8D58-49A05546183C}
	EndGlobalSection
EndGlobal
